// !$*UTF8*$!
{
	archiveVersion = 1;
	classes = {
	};
	objectVersion = 50;
	objects = {

/* Begin PBXBuildFile section */
		3B280FCF2544BCE9009D6F62 /* AppDelegate.swift in Sources */ = {isa = PBXBuildFile; fileRef = 3B280FCE2544BCE9009D6F62 /* AppDelegate.swift */; };
		3B280FD12544BCE9009D6F62 /* SceneDelegate.swift in Sources */ = {isa = PBXBuildFile; fileRef = 3B280FD02544BCE9009D6F62 /* SceneDelegate.swift */; };
		3B280FD32544BCE9009D6F62 /* ViewController.swift in Sources */ = {isa = PBXBuildFile; fileRef = 3B280FD22544BCE9009D6F62 /* ViewController.swift */; };
		3B280FD62544BCE9009D6F62 /* Main.storyboard in Resources */ = {isa = PBXBuildFile; fileRef = 3B280FD42544BCE9009D6F62 /* Main.storyboard */; };
		3B280FD82544BCEE009D6F62 /* Assets.xcassets in Resources */ = {isa = PBXBuildFile; fileRef = 3B280FD72544BCEE009D6F62 /* Assets.xcassets */; };
		3B280FDB2544BCEE009D6F62 /* LaunchScreen.storyboard in Resources */ = {isa = PBXBuildFile; fileRef = 3B280FD92544BCEE009D6F62 /* LaunchScreen.storyboard */; };
		3B280FE62544BCEE009D6F62 /* JokeJokeTests.swift in Sources */ = {isa = PBXBuildFile; fileRef = 3B280FE52544BCEE009D6F62 /* JokeJokeTests.swift */; };
		3B280FF12544BCEE009D6F62 /* JokeJokeUITests.swift in Sources */ = {isa = PBXBuildFile; fileRef = 3B280FF02544BCEE009D6F62 /* JokeJokeUITests.swift */; };
		3B2810042544EE1D009D6F62 /* JokeModel.swift in Sources */ = {isa = PBXBuildFile; fileRef = 3B2810032544EE1D009D6F62 /* JokeModel.swift */; };
		3B2810152545153F009D6F62 /* JokeService.swift in Sources */ = {isa = PBXBuildFile; fileRef = 3B2810142545153F009D6F62 /* JokeService.swift */; };
		3B28101D2545168A009D6F62 /* Urls.swift in Sources */ = {isa = PBXBuildFile; fileRef = 3B28101C2545168A009D6F62 /* Urls.swift */; };
		3B2810452545D8AC009D6F62 /* JokeViewModel.swift in Sources */ = {isa = PBXBuildFile; fileRef = 3B2810442545D8AC009D6F62 /* JokeViewModel.swift */; };
/* End PBXBuildFile section */

/* Begin PBXContainerItemProxy section */
		3B280FE22544BCEE009D6F62 /* PBXContainerItemProxy */ = {
			isa = PBXContainerItemProxy;
			containerPortal = 3B280FC32544BCE9009D6F62 /* Project object */;
			proxyType = 1;
			remoteGlobalIDString = 3B280FCA2544BCE9009D6F62;
			remoteInfo = JokeJoke;
		};
		3B280FED2544BCEE009D6F62 /* PBXContainerItemProxy */ = {
			isa = PBXContainerItemProxy;
			containerPortal = 3B280FC32544BCE9009D6F62 /* Project object */;
			proxyType = 1;
			remoteGlobalIDString = 3B280FCA2544BCE9009D6F62;
			remoteInfo = JokeJoke;
		};
/* End PBXContainerItemProxy section */

/* Begin PBXFileReference section */
		3B280FCB2544BCE9009D6F62 /* JokeJoke.app */ = {isa = PBXFileReference; explicitFileType = wrapper.application; includeInIndex = 0; path = JokeJoke.app; sourceTree = BUILT_PRODUCTS_DIR; };
		3B280FCE2544BCE9009D6F62 /* AppDelegate.swift */ = {isa = PBXFileReference; lastKnownFileType = sourcecode.swift; path = AppDelegate.swift; sourceTree = "<group>"; };
		3B280FD02544BCE9009D6F62 /* SceneDelegate.swift */ = {isa = PBXFileReference; lastKnownFileType = sourcecode.swift; path = SceneDelegate.swift; sourceTree = "<group>"; };
		3B280FD22544BCE9009D6F62 /* ViewController.swift */ = {isa = PBXFileReference; lastKnownFileType = sourcecode.swift; path = ViewController.swift; sourceTree = "<group>"; };
		3B280FD52544BCE9009D6F62 /* Base */ = {isa = PBXFileReference; lastKnownFileType = file.storyboard; name = Base; path = Base.lproj/Main.storyboard; sourceTree = "<group>"; };
		3B280FD72544BCEE009D6F62 /* Assets.xcassets */ = {isa = PBXFileReference; lastKnownFileType = folder.assetcatalog; path = Assets.xcassets; sourceTree = "<group>"; };
		3B280FDA2544BCEE009D6F62 /* Base */ = {isa = PBXFileReference; lastKnownFileType = file.storyboard; name = Base; path = Base.lproj/LaunchScreen.storyboard; sourceTree = "<group>"; };
		3B280FDC2544BCEE009D6F62 /* Info.plist */ = {isa = PBXFileReference; lastKnownFileType = text.plist.xml; path = Info.plist; sourceTree = "<group>"; };
		3B280FE12544BCEE009D6F62 /* JokeJokeTests.xctest */ = {isa = PBXFileReference; explicitFileType = wrapper.cfbundle; includeInIndex = 0; path = JokeJokeTests.xctest; sourceTree = BUILT_PRODUCTS_DIR; };
		3B280FE52544BCEE009D6F62 /* JokeJokeTests.swift */ = {isa = PBXFileReference; lastKnownFileType = sourcecode.swift; path = JokeJokeTests.swift; sourceTree = "<group>"; };
		3B280FE72544BCEE009D6F62 /* Info.plist */ = {isa = PBXFileReference; lastKnownFileType = text.plist.xml; path = Info.plist; sourceTree = "<group>"; };
		3B280FEC2544BCEE009D6F62 /* JokeJokeUITests.xctest */ = {isa = PBXFileReference; explicitFileType = wrapper.cfbundle; includeInIndex = 0; path = JokeJokeUITests.xctest; sourceTree = BUILT_PRODUCTS_DIR; };
		3B280FF02544BCEE009D6F62 /* JokeJokeUITests.swift */ = {isa = PBXFileReference; lastKnownFileType = sourcecode.swift; path = JokeJokeUITests.swift; sourceTree = "<group>"; };
		3B280FF22544BCEE009D6F62 /* Info.plist */ = {isa = PBXFileReference; lastKnownFileType = text.plist.xml; path = Info.plist; sourceTree = "<group>"; };
		3B2810032544EE1D009D6F62 /* JokeModel.swift */ = {isa = PBXFileReference; lastKnownFileType = sourcecode.swift; path = JokeModel.swift; sourceTree = "<group>"; };
		3B2810142545153F009D6F62 /* JokeService.swift */ = {isa = PBXFileReference; lastKnownFileType = sourcecode.swift; path = JokeService.swift; sourceTree = "<group>"; };
		3B28101C2545168A009D6F62 /* Urls.swift */ = {isa = PBXFileReference; lastKnownFileType = sourcecode.swift; path = Urls.swift; sourceTree = "<group>"; };
		3B2810442545D8AC009D6F62 /* JokeViewModel.swift */ = {isa = PBXFileReference; lastKnownFileType = sourcecode.swift; path = JokeViewModel.swift; sourceTree = "<group>"; };
/* End PBXFileReference section */

/* Begin PBXFrameworksBuildPhase section */
		3B280FC82544BCE9009D6F62 /* Frameworks */ = {
			isa = PBXFrameworksBuildPhase;
			buildActionMask = 2147483647;
			files = (
			);
			runOnlyForDeploymentPostprocessing = 0;
		};
		3B280FDE2544BCEE009D6F62 /* Frameworks */ = {
			isa = PBXFrameworksBuildPhase;
			buildActionMask = 2147483647;
			files = (
			);
			runOnlyForDeploymentPostprocessing = 0;
		};
		3B280FE92544BCEE009D6F62 /* Frameworks */ = {
			isa = PBXFrameworksBuildPhase;
			buildActionMask = 2147483647;
			files = (
			);
			runOnlyForDeploymentPostprocessing = 0;
		};
/* End PBXFrameworksBuildPhase section */

/* Begin PBXGroup section */
		3B280FC22544BCE9009D6F62 = {
			isa = PBXGroup;
			children = (
				3B280FCD2544BCE9009D6F62 /* JokeJoke */,
				3B280FE42544BCEE009D6F62 /* JokeJokeTests */,
				3B280FEF2544BCEE009D6F62 /* JokeJokeUITests */,
				3B280FCC2544BCE9009D6F62 /* Products */,
			);
			sourceTree = "<group>";
		};
		3B280FCC2544BCE9009D6F62 /* Products */ = {
			isa = PBXGroup;
			children = (
				3B280FCB2544BCE9009D6F62 /* JokeJoke.app */,
				3B280FE12544BCEE009D6F62 /* JokeJokeTests.xctest */,
				3B280FEC2544BCEE009D6F62 /* JokeJokeUITests.xctest */,
			);
			name = Products;
			sourceTree = "<group>";
		};
		3B280FCD2544BCE9009D6F62 /* JokeJoke */ = {
			isa = PBXGroup;
			children = (
				3B2810432545D65E009D6F62 /* ViewModel */,
				3B28100B2544EE8C009D6F62 /* Service */,
				3B2810022544EDEF009D6F62 /* Model */,
				3B280FCE2544BCE9009D6F62 /* AppDelegate.swift */,
				3B280FD02544BCE9009D6F62 /* SceneDelegate.swift */,
				3B280FD22544BCE9009D6F62 /* ViewController.swift */,
				3B280FD42544BCE9009D6F62 /* Main.storyboard */,
				3B280FD72544BCEE009D6F62 /* Assets.xcassets */,
				3B280FD92544BCEE009D6F62 /* LaunchScreen.storyboard */,
				3B280FDC2544BCEE009D6F62 /* Info.plist */,
			);
			path = JokeJoke;
			sourceTree = "<group>";
		};
		3B280FE42544BCEE009D6F62 /* JokeJokeTests */ = {
			isa = PBXGroup;
			children = (
				3B280FE52544BCEE009D6F62 /* JokeJokeTests.swift */,
				3B280FE72544BCEE009D6F62 /* Info.plist */,
			);
			path = JokeJokeTests;
			sourceTree = "<group>";
		};
		3B280FEF2544BCEE009D6F62 /* JokeJokeUITests */ = {
			isa = PBXGroup;
			children = (
				3B280FF02544BCEE009D6F62 /* JokeJokeUITests.swift */,
				3B280FF22544BCEE009D6F62 /* Info.plist */,
			);
			path = JokeJokeUITests;
			sourceTree = "<group>";
		};
		3B2810022544EDEF009D6F62 /* Model */ = {
			isa = PBXGroup;
			children = (
				3B2810032544EE1D009D6F62 /* JokeModel.swift */,
			);
			path = Model;
			sourceTree = "<group>";
		};
		3B28100B2544EE8C009D6F62 /* Service */ = {
			isa = PBXGroup;
			children = (
				3B2810142545153F009D6F62 /* JokeService.swift */,
				3B28101C2545168A009D6F62 /* Urls.swift */,
			);
			path = Service;
			sourceTree = "<group>";
		};
		3B2810432545D65E009D6F62 /* ViewModel */ = {
			isa = PBXGroup;
			children = (
				3B2810442545D8AC009D6F62 /* JokeViewModel.swift */,
			);
			path = ViewModel;
			sourceTree = "<group>";
		};
/* End PBXGroup section */

/* Begin PBXNativeTarget section */
		3B280FCA2544BCE9009D6F62 /* JokeJoke */ = {
			isa = PBXNativeTarget;
			buildConfigurationList = 3B280FF52544BCEE009D6F62 /* Build configuration list for PBXNativeTarget "JokeJoke" */;
			buildPhases = (
				3B280FC72544BCE9009D6F62 /* Sources */,
				3B280FC82544BCE9009D6F62 /* Frameworks */,
				3B280FC92544BCE9009D6F62 /* Resources */,
			);
			buildRules = (
			);
			dependencies = (
			);
			name = JokeJoke;
			productName = JokeJoke;
			productReference = 3B280FCB2544BCE9009D6F62 /* JokeJoke.app */;
			productType = "com.apple.product-type.application";
		};
		3B280FE02544BCEE009D6F62 /* JokeJokeTests */ = {
			isa = PBXNativeTarget;
			buildConfigurationList = 3B280FF82544BCEE009D6F62 /* Build configuration list for PBXNativeTarget "JokeJokeTests" */;
			buildPhases = (
				3B280FDD2544BCEE009D6F62 /* Sources */,
				3B280FDE2544BCEE009D6F62 /* Frameworks */,
				3B280FDF2544BCEE009D6F62 /* Resources */,
			);
			buildRules = (
			);
			dependencies = (
				3B280FE32544BCEE009D6F62 /* PBXTargetDependency */,
			);
			name = JokeJokeTests;
			productName = JokeJokeTests;
			productReference = 3B280FE12544BCEE009D6F62 /* JokeJokeTests.xctest */;
			productType = "com.apple.product-type.bundle.unit-test";
		};
		3B280FEB2544BCEE009D6F62 /* JokeJokeUITests */ = {
			isa = PBXNativeTarget;
			buildConfigurationList = 3B280FFB2544BCEE009D6F62 /* Build configuration list for PBXNativeTarget "JokeJokeUITests" */;
			buildPhases = (
				3B280FE82544BCEE009D6F62 /* Sources */,
				3B280FE92544BCEE009D6F62 /* Frameworks */,
				3B280FEA2544BCEE009D6F62 /* Resources */,
			);
			buildRules = (
			);
			dependencies = (
				3B280FEE2544BCEE009D6F62 /* PBXTargetDependency */,
			);
			name = JokeJokeUITests;
			productName = JokeJokeUITests;
			productReference = 3B280FEC2544BCEE009D6F62 /* JokeJokeUITests.xctest */;
			productType = "com.apple.product-type.bundle.ui-testing";
		};
/* End PBXNativeTarget section */

/* Begin PBXProject section */
		3B280FC32544BCE9009D6F62 /* Project object */ = {
			isa = PBXProject;
			attributes = {
				LastSwiftUpdateCheck = 1210;
				LastUpgradeCheck = 1210;
				TargetAttributes = {
					3B280FCA2544BCE9009D6F62 = {
						CreatedOnToolsVersion = 12.1;
					};
					3B280FE02544BCEE009D6F62 = {
						CreatedOnToolsVersion = 12.1;
						TestTargetID = 3B280FCA2544BCE9009D6F62;
					};
					3B280FEB2544BCEE009D6F62 = {
						CreatedOnToolsVersion = 12.1;
						TestTargetID = 3B280FCA2544BCE9009D6F62;
					};
				};
			};
			buildConfigurationList = 3B280FC62544BCE9009D6F62 /* Build configuration list for PBXProject "JokeJoke" */;
			compatibilityVersion = "Xcode 9.3";
			developmentRegion = en;
			hasScannedForEncodings = 0;
			knownRegions = (
				en,
				Base,
			);
			mainGroup = 3B280FC22544BCE9009D6F62;
			productRefGroup = 3B280FCC2544BCE9009D6F62 /* Products */;
			projectDirPath = "";
			projectRoot = "";
			targets = (
				3B280FCA2544BCE9009D6F62 /* JokeJoke */,
				3B280FE02544BCEE009D6F62 /* JokeJokeTests */,
				3B280FEB2544BCEE009D6F62 /* JokeJokeUITests */,
			);
		};
/* End PBXProject section */

/* Begin PBXResourcesBuildPhase section */
		3B280FC92544BCE9009D6F62 /* Resources */ = {
			isa = PBXResourcesBuildPhase;
			buildActionMask = 2147483647;
			files = (
				3B280FDB2544BCEE009D6F62 /* LaunchScreen.storyboard in Resources */,
				3B280FD82544BCEE009D6F62 /* Assets.xcassets in Resources */,
				3B280FD62544BCE9009D6F62 /* Main.storyboard in Resources */,
			);
			runOnlyForDeploymentPostprocessing = 0;
		};
		3B280FDF2544BCEE009D6F62 /* Resources */ = {
			isa = PBXResourcesBuildPhase;
			buildActionMask = 2147483647;
			files = (
			);
			runOnlyForDeploymentPostprocessing = 0;
		};
		3B280FEA2544BCEE009D6F62 /* Resources */ = {
			isa = PBXResourcesBuildPhase;
			buildActionMask = 2147483647;
			files = (
			);
			runOnlyForDeploymentPostprocessing = 0;
		};
/* End PBXResourcesBuildPhase section */

/* Begin PBXSourcesBuildPhase section */
		3B280FC72544BCE9009D6F62 /* Sources */ = {
			isa = PBXSourcesBuildPhase;
			buildActionMask = 2147483647;
			files = (
				3B2810152545153F009D6F62 /* JokeService.swift in Sources */,
				3B280FD32544BCE9009D6F62 /* ViewController.swift in Sources */,
				3B280FCF2544BCE9009D6F62 /* AppDelegate.swift in Sources */,
				3B2810452545D8AC009D6F62 /* JokeViewModel.swift in Sources */,
				3B2810042544EE1D009D6F62 /* JokeModel.swift in Sources */,
				3B28101D2545168A009D6F62 /* Urls.swift in Sources */,
				3B280FD12544BCE9009D6F62 /* SceneDelegate.swift in Sources */,
			);
			runOnlyForDeploymentPostprocessing = 0;
		};
		3B280FDD2544BCEE009D6F62 /* Sources */ = {
			isa = PBXSourcesBuildPhase;
			buildActionMask = 2147483647;
			files = (
				3B280FE62544BCEE009D6F62 /* JokeJokeTests.swift in Sources */,
			);
			runOnlyForDeploymentPostprocessing = 0;
		};
		3B280FE82544BCEE009D6F62 /* Sources */ = {
			isa = PBXSourcesBuildPhase;
			buildActionMask = 2147483647;
			files = (
				3B280FF12544BCEE009D6F62 /* JokeJokeUITests.swift in Sources */,
			);
			runOnlyForDeploymentPostprocessing = 0;
		};
/* End PBXSourcesBuildPhase section */

/* Begin PBXTargetDependency section */
		3B280FE32544BCEE009D6F62 /* PBXTargetDependency */ = {
			isa = PBXTargetDependency;
			target = 3B280FCA2544BCE9009D6F62 /* JokeJoke */;
			targetProxy = 3B280FE22544BCEE009D6F62 /* PBXContainerItemProxy */;
		};
		3B280FEE2544BCEE009D6F62 /* PBXTargetDependency */ = {
			isa = PBXTargetDependency;
			target = 3B280FCA2544BCE9009D6F62 /* JokeJoke */;
			targetProxy = 3B280FED2544BCEE009D6F62 /* PBXContainerItemProxy */;
		};
/* End PBXTargetDependency section */

/* Begin PBXVariantGroup section */
		3B280FD42544BCE9009D6F62 /* Main.storyboard */ = {
			isa = PBXVariantGroup;
			children = (
				3B280FD52544BCE9009D6F62 /* Base */,
			);
			name = Main.storyboard;
			sourceTree = "<group>";
		};
		3B280FD92544BCEE009D6F62 /* LaunchScreen.storyboard */ = {
			isa = PBXVariantGroup;
			children = (
				3B280FDA2544BCEE009D6F62 /* Base */,
			);
			name = LaunchScreen.storyboard;
			sourceTree = "<group>";
		};
/* End PBXVariantGroup section */

/* Begin XCBuildConfiguration section */
		3B280FF32544BCEE009D6F62 /* Debug */ = {
			isa = XCBuildConfiguration;
			buildSettings = {
				ALWAYS_SEARCH_USER_PATHS = NO;
				CLANG_ANALYZER_NONNULL = YES;
				CLANG_ANALYZER_NUMBER_OBJECT_CONVERSION = YES_AGGRESSIVE;
				CLANG_CXX_LANGUAGE_STANDARD = "gnu++14";
				CLANG_CXX_LIBRARY = "libc++";
				CLANG_ENABLE_MODULES = YES;
				CLANG_ENABLE_OBJC_ARC = YES;
				CLANG_ENABLE_OBJC_WEAK = YES;
				CLANG_WARN_BLOCK_CAPTURE_AUTORELEASING = YES;
				CLANG_WARN_BOOL_CONVERSION = YES;
				CLANG_WARN_COMMA = YES;
				CLANG_WARN_CONSTANT_CONVERSION = YES;
				CLANG_WARN_DEPRECATED_OBJC_IMPLEMENTATIONS = YES;
				CLANG_WARN_DIRECT_OBJC_ISA_USAGE = YES_ERROR;
				CLANG_WARN_DOCUMENTATION_COMMENTS = YES;
				CLANG_WARN_EMPTY_BODY = YES;
				CLANG_WARN_ENUM_CONVERSION = YES;
				CLANG_WARN_INFINITE_RECURSION = YES;
				CLANG_WARN_INT_CONVERSION = YES;
				CLANG_WARN_NON_LITERAL_NULL_CONVERSION = YES;
				CLANG_WARN_OBJC_IMPLICIT_RETAIN_SELF = YES;
				CLANG_WARN_OBJC_LITERAL_CONVERSION = YES;
				CLANG_WARN_OBJC_ROOT_CLASS = YES_ERROR;
				CLANG_WARN_QUOTED_INCLUDE_IN_FRAMEWORK_HEADER = YES;
				CLANG_WARN_RANGE_LOOP_ANALYSIS = YES;
				CLANG_WARN_STRICT_PROTOTYPES = YES;
				CLANG_WARN_SUSPICIOUS_MOVE = YES;
				CLANG_WARN_UNGUARDED_AVAILABILITY = YES_AGGRESSIVE;
				CLANG_WARN_UNREACHABLE_CODE = YES;
				CLANG_WARN__DUPLICATE_METHOD_MATCH = YES;
				COPY_PHASE_STRIP = NO;
				DEBUG_INFORMATION_FORMAT = dwarf;
				ENABLE_STRICT_OBJC_MSGSEND = YES;
				ENABLE_TESTABILITY = YES;
				GCC_C_LANGUAGE_STANDARD = gnu11;
				GCC_DYNAMIC_NO_PIC = NO;
				GCC_NO_COMMON_BLOCKS = YES;
				GCC_OPTIMIZATION_LEVEL = 0;
				GCC_PREPROCESSOR_DEFINITIONS = (
					"DEBUG=1",
					"$(inherited)",
				);
				GCC_WARN_64_TO_32_BIT_CONVERSION = YES;
				GCC_WARN_ABOUT_RETURN_TYPE = YES_ERROR;
				GCC_WARN_UNDECLARED_SELECTOR = YES;
				GCC_WARN_UNINITIALIZED_AUTOS = YES_AGGRESSIVE;
				GCC_WARN_UNUSED_FUNCTION = YES;
				GCC_WARN_UNUSED_VARIABLE = YES;
				IPHONEOS_DEPLOYMENT_TARGET = 14.1;
				MTL_ENABLE_DEBUG_INFO = INCLUDE_SOURCE;
				MTL_FAST_MATH = YES;
				ONLY_ACTIVE_ARCH = YES;
				SDKROOT = iphoneos;
				SWIFT_ACTIVE_COMPILATION_CONDITIONS = DEBUG;
				SWIFT_OPTIMIZATION_LEVEL = "-Onone";
			};
			name = Debug;
		};
		3B280FF42544BCEE009D6F62 /* Release */ = {
			isa = XCBuildConfiguration;
			buildSettings = {
				ALWAYS_SEARCH_USER_PATHS = NO;
				CLANG_ANALYZER_NONNULL = YES;
				CLANG_ANALYZER_NUMBER_OBJECT_CONVERSION = YES_AGGRESSIVE;
				CLANG_CXX_LANGUAGE_STANDARD = "gnu++14";
				CLANG_CXX_LIBRARY = "libc++";
				CLANG_ENABLE_MODULES = YES;
				CLANG_ENABLE_OBJC_ARC = YES;
				CLANG_ENABLE_OBJC_WEAK = YES;
				CLANG_WARN_BLOCK_CAPTURE_AUTORELEASING = YES;
				CLANG_WARN_BOOL_CONVERSION = YES;
				CLANG_WARN_COMMA = YES;
				CLANG_WARN_CONSTANT_CONVERSION = YES;
				CLANG_WARN_DEPRECATED_OBJC_IMPLEMENTATIONS = YES;
				CLANG_WARN_DIRECT_OBJC_ISA_USAGE = YES_ERROR;
				CLANG_WARN_DOCUMENTATION_COMMENTS = YES;
				CLANG_WARN_EMPTY_BODY = YES;
				CLANG_WARN_ENUM_CONVERSION = YES;
				CLANG_WARN_INFINITE_RECURSION = YES;
				CLANG_WARN_INT_CONVERSION = YES;
				CLANG_WARN_NON_LITERAL_NULL_CONVERSION = YES;
				CLANG_WARN_OBJC_IMPLICIT_RETAIN_SELF = YES;
				CLANG_WARN_OBJC_LITERAL_CONVERSION = YES;
				CLANG_WARN_OBJC_ROOT_CLASS = YES_ERROR;
				CLANG_WARN_QUOTED_INCLUDE_IN_FRAMEWORK_HEADER = YES;
				CLANG_WARN_RANGE_LOOP_ANALYSIS = YES;
				CLANG_WARN_STRICT_PROTOTYPES = YES;
				CLANG_WARN_SUSPICIOUS_MOVE = YES;
				CLANG_WARN_UNGUARDED_AVAILABILITY = YES_AGGRESSIVE;
				CLANG_WARN_UNREACHABLE_CODE = YES;
				CLANG_WARN__DUPLICATE_METHOD_MATCH = YES;
				COPY_PHASE_STRIP = NO;
				DEBUG_INFORMATION_FORMAT = "dwarf-with-dsym";
				ENABLE_NS_ASSERTIONS = NO;
				ENABLE_STRICT_OBJC_MSGSEND = YES;
				GCC_C_LANGUAGE_STANDARD = gnu11;
				GCC_NO_COMMON_BLOCKS = YES;
				GCC_WARN_64_TO_32_BIT_CONVERSION = YES;
				GCC_WARN_ABOUT_RETURN_TYPE = YES_ERROR;
				GCC_WARN_UNDECLARED_SELECTOR = YES;
				GCC_WARN_UNINITIALIZED_AUTOS = YES_AGGRESSIVE;
				GCC_WARN_UNUSED_FUNCTION = YES;
				GCC_WARN_UNUSED_VARIABLE = YES;
				IPHONEOS_DEPLOYMENT_TARGET = 14.1;
				MTL_ENABLE_DEBUG_INFO = NO;
				MTL_FAST_MATH = YES;
				SDKROOT = iphoneos;
				SWIFT_COMPILATION_MODE = wholemodule;
				SWIFT_OPTIMIZATION_LEVEL = "-O";
				VALIDATE_PRODUCT = YES;
			};
			name = Release;
		};
		3B280FF62544BCEE009D6F62 /* Debug */ = {
			isa = XCBuildConfiguration;
			buildSettings = {
				ASSETCATALOG_COMPILER_APPICON_NAME = AppIcon;
				ASSETCATALOG_COMPILER_GLOBAL_ACCENT_COLOR_NAME = AccentColor;
				CODE_SIGN_STYLE = Automatic;
				DEVELOPMENT_TEAM = MNFNYF7B7B;
				INFOPLIST_FILE = JokeJoke/Info.plist;
				LD_RUNPATH_SEARCH_PATHS = (
					"$(inherited)",
					"@executable_path/Frameworks",
				);
				PRODUCT_BUNDLE_IDENTIFIER = com.yasser.JokeJoke;
				PRODUCT_NAME = "$(TARGET_NAME)";
				SWIFT_VERSION = 5.0;
				TARGETED_DEVICE_FAMILY = "1,2";
			};
			name = Debug;
		};
		3B280FF72544BCEE009D6F62 /* Release */ = {
			isa = XCBuildConfiguration;
			buildSettings = {
				ASSETCATALOG_COMPILER_APPICON_NAME = AppIcon;
				ASSETCATALOG_COMPILER_GLOBAL_ACCENT_COLOR_NAME = AccentColor;
				CODE_SIGN_STYLE = Automatic;
				DEVELOPMENT_TEAM = MNFNYF7B7B;
				INFOPLIST_FILE = JokeJoke/Info.plist;
				LD_RUNPATH_SEARCH_PATHS = (
					"$(inherited)",
					"@executable_path/Frameworks",
				);
				PRODUCT_BUNDLE_IDENTIFIER = com.yasser.JokeJoke;
				PRODUCT_NAME = "$(TARGET_NAME)";
				SWIFT_VERSION = 5.0;
				TARGETED_DEVICE_FAMILY = "1,2";
			};
			name = Release;
		};
		3B280FF92544BCEE009D6F62 /* Debug */ = {
			isa = XCBuildConfiguration;
			buildSettings = {
				ALWAYS_EMBED_SWIFT_STANDARD_LIBRARIES = YES;
				BUNDLE_LOADER = "$(TEST_HOST)";
				CODE_SIGN_STYLE = Automatic;
				DEVELOPMENT_TEAM = MNFNYF7B7B;
				INFOPLIST_FILE = JokeJokeTests/Info.plist;
				IPHONEOS_DEPLOYMENT_TARGET = 14.1;
				LD_RUNPATH_SEARCH_PATHS = (
					"$(inherited)",
					"@executable_path/Frameworks",
					"@loader_path/Frameworks",
				);
				PRODUCT_BUNDLE_IDENTIFIER = com.yasser.JokeJokeTests;
				PRODUCT_NAME = "$(TARGET_NAME)";
				SWIFT_VERSION = 5.0;
				TARGETED_DEVICE_FAMILY = "1,2";
				TEST_HOST = "$(BUILT_PRODUCTS_DIR)/JokeJoke.app/JokeJoke";
			};
			name = Debug;
		};
		3B280FFA2544BCEE009D6F62 /* Release */ = {
			isa = XCBuildConfiguration;
			buildSettings = {
				ALWAYS_EMBED_SWIFT_STANDARD_LIBRARIES = YES;
				BUNDLE_LOADER = "$(TEST_HOST)";
				CODE_SIGN_STYLE = Automatic;
				DEVELOPMENT_TEAM = MNFNYF7B7B;
				INFOPLIST_FILE = JokeJokeTests/Info.plist;
				IPHONEOS_DEPLOYMENT_TARGET = 14.1;
				LD_RUNPATH_SEARCH_PATHS = (
					"$(inherited)",
					"@executable_path/Frameworks",
					"@loader_path/Frameworks",
				);
				PRODUCT_BUNDLE_IDENTIFIER = com.yasser.JokeJokeTests;
				PRODUCT_NAME = "$(TARGET_NAME)";
				SWIFT_VERSION = 5.0;
				TARGETED_DEVICE_FAMILY = "1,2";
				TEST_HOST = "$(BUILT_PRODUCTS_DIR)/JokeJoke.app/JokeJoke";
			};
			name = Release;
		};
		3B280FFC2544BCEE009D6F62 /* Debug */ = {
			isa = XCBuildConfiguration;
			buildSettings = {
				ALWAYS_EMBED_SWIFT_STANDARD_LIBRARIES = YES;
				CODE_SIGN_STYLE = Automatic;
				DEVELOPMENT_TEAM = MNFNYF7B7B;
				INFOPLIST_FILE = JokeJokeUITests/Info.plist;
				LD_RUNPATH_SEARCH_PATHS = (
					"$(inherited)",
					"@executable_path/Frameworks",
					"@loader_path/Frameworks",
				);
				PRODUCT_BUNDLE_IDENTIFIER = com.yasser.JokeJokeUITests;
				PRODUCT_NAME = "$(TARGET_NAME)";
				SWIFT_VERSION = 5.0;
				TARGETED_DEVICE_FAMILY = "1,2";
				TEST_TARGET_NAME = JokeJoke;
			};
			name = Debug;
		};
		3B280FFD2544BCEE009D6F62 /* Release */ = {
			isa = XCBuildConfiguration;
			buildSettings = {
				ALWAYS_EMBED_SWIFT_STANDARD_LIBRARIES = YES;
				CODE_SIGN_STYLE = Automatic;
				DEVELOPMENT_TEAM = MNFNYF7B7B;
				INFOPLIST_FILE = JokeJokeUITests/Info.plist;
				LD_RUNPATH_SEARCH_PATHS = (
					"$(inherited)",
					"@executable_path/Frameworks",
					"@loader_path/Frameworks",
				);
				PRODUCT_BUNDLE_IDENTIFIER = com.yasser.JokeJokeUITests;
				PRODUCT_NAME = "$(TARGET_NAME)";
				SWIFT_VERSION = 5.0;
				TARGETED_DEVICE_FAMILY = "1,2";
				TEST_TARGET_NAME = JokeJoke;
			};
			name = Release;
		};
/* End XCBuildConfiguration section */

/* Begin XCConfigurationList section */
		3B280FC62544BCE9009D6F62 /* Build configuration list for PBXProject "JokeJoke" */ = {
			isa = XCConfigurationList;
			buildConfigurations = (
				3B280FF32544BCEE009D6F62 /* Debug */,
				3B280FF42544BCEE009D6F62 /* Release */,
			);
			defaultConfigurationIsVisible = 0;
			defaultConfigurationName = Release;
		};
		3B280FF52544BCEE009D6F62 /* Build configuration list for PBXNativeTarget "JokeJoke" */ = {
			isa = XCConfigurationList;
			buildConfigurations = (
				3B280FF62544BCEE009D6F62 /* Debug */,
				3B280FF72544BCEE009D6F62 /* Release */,
			);
			defaultConfigurationIsVisible = 0;
			defaultConfigurationName = Release;
		};
		3B280FF82544BCEE009D6F62 /* Build configuration list for PBXNativeTarget "JokeJokeTests" */ = {
			isa = XCConfigurationList;
			buildConfigurations = (
				3B280FF92544BCEE009D6F62 /* Debug */,
				3B280FFA2544BCEE009D6F62 /* Release */,
			);
			defaultConfigurationIsVisible = 0;
			defaultConfigurationName = Release;
		};
		3B280FFB2544BCEE009D6F62 /* Build configuration list for PBXNativeTarget "JokeJokeUITests" */ = {
			isa = XCConfigurationList;
			buildConfigurations = (
				3B280FFC2544BCEE009D6F62 /* Debug */,
				3B280FFD2544BCEE009D6F62 /* Release */,
			);
			defaultConfigurationIsVisible = 0;
			defaultConfigurationName = Release;
		};
/* End XCConfigurationList section */
	};
	rootObject = 3B280FC32544BCE9009D6F62 /* Project object */;
}
